
Microsoft Visual Studio Solution File, Format Version 12.00
# Visual Studio 15
VisualStudioVersion = 15.0.27428.2015
MinimumVisualStudioVersion = 10.0.40219.1
Project("{2150E333-8FDC-42A3-9474-1A3956D46DE8}") = "Models", "Models", "{20758D08-2BC3-4D7E-8547-6AEA859B80DD}"
EndProject
Project("{2150E333-8FDC-42A3-9474-1A3956D46DE8}") = "Identity", "Identity", "{80D950A1-AF54-4D9E-916C-4271CF0F9FA9}"
EndProject
Project("{2150E333-8FDC-42A3-9474-1A3956D46DE8}") = "Api", "Api", "{81B9663E-17B9-4985-B62F-6D170E04146C}"
EndProject
Project("{FAE04EC0-301F-11D3-BF4B-00C04F79EFBC}") = "Kadabra.Identity", "Kadabra.Identity\Kadabra.Identity.csproj", "{E4EB7FBF-7B0E-4E95-BAA7-5765EDAD2CC4}"
EndProject
Project("{FAE04EC0-301F-11D3-BF4B-00C04F79EFBC}") = "Kadabra.Api", "Kadabra.Api\Kadabra.Api.csproj", "{641FAB1D-7D43-4A28-B13D-13B90CBFC357}"
EndProject
Project("{FAE04EC0-301F-11D3-BF4B-00C04F79EFBC}") = "Kadabra.Api.Tests", "Kadabra.Api.Tests\Kadabra.Api.Tests.csproj", "{04ABC8C1-7377-44D5-81AC-8AD224263BE5}"
EndProject
Project("{2150E333-8FDC-42A3-9474-1A3956D46DE8}") = "Data", "Data", "{F6452283-4F86-4AC0-8860-A47C9DED6682}"
EndProject
Project("{FAE04EC0-301F-11D3-BF4B-00C04F79EFBC}") = "Kadabra.Data", "Kadabra.Data\Kadabra.Data.csproj", "{92A89266-A21A-48A8-B1AB-AE920EE6881C}"
EndProject
Project("{FAE04EC0-301F-11D3-BF4B-00C04F79EFBC}") = "Kadabra.Data.Identity", "Kadabra.Data.Identity\Kadabra.Data.Identity.csproj", "{05DF2373-3771-4A12-89DD-9F40A5719462}"
EndProject
Project("{2150E333-8FDC-42A3-9474-1A3956D46DE8}") = "Ui", "Ui", "{797181D4-7CD1-464E-9F43-E0984348B9F0}"
EndProject
Project("{FAE04EC0-301F-11D3-BF4B-00C04F79EFBC}") = "Kadabra.Model", "Kadabra.Model\Kadabra.Model.csproj", "{BFFEC530-14B8-4EF8-A886-E99195A884E2}"
EndProject
Project("{FAE04EC0-301F-11D3-BF4B-00C04F79EFBC}") = "Kadabra.UI", "Kadabra.UI\Kadabra.UI.csproj", "{DC8038A3-3FB1-48F4-8EBA-E1711C629026}"
EndProject
Project("{FAE04EC0-301F-11D3-BF4B-00C04F79EFBC}") = "Kadabra.UI.Tests", "Kadabra.UI.Tests\Kadabra.UI.Tests.csproj", "{6891AB9A-9B04-41B7-A30A-73B8EC966321}"
EndProject
Global
	GlobalSection(SolutionConfigurationPlatforms) = preSolution
		Debug|Any CPU = Debug|Any CPU
		Release|Any CPU = Release|Any CPU
	EndGlobalSection
	GlobalSection(ProjectConfigurationPlatforms) = postSolution
		{E4EB7FBF-7B0E-4E95-BAA7-5765EDAD2CC4}.Debug|Any CPU.ActiveCfg = Debug|Any CPU
		{E4EB7FBF-7B0E-4E95-BAA7-5765EDAD2CC4}.Debug|Any CPU.Build.0 = Debug|Any CPU
		{E4EB7FBF-7B0E-4E95-BAA7-5765EDAD2CC4}.Release|Any CPU.ActiveCfg = Release|Any CPU
		{E4EB7FBF-7B0E-4E95-BAA7-5765EDAD2CC4}.Release|Any CPU.Build.0 = Release|Any CPU
		{641FAB1D-7D43-4A28-B13D-13B90CBFC357}.Debug|Any CPU.ActiveCfg = Debug|Any CPU
		{641FAB1D-7D43-4A28-B13D-13B90CBFC357}.Debug|Any CPU.Build.0 = Debug|Any CPU
		{641FAB1D-7D43-4A28-B13D-13B90CBFC357}.Release|Any CPU.ActiveCfg = Release|Any CPU
		{641FAB1D-7D43-4A28-B13D-13B90CBFC357}.Release|Any CPU.Build.0 = Release|Any CPU
		{04ABC8C1-7377-44D5-81AC-8AD224263BE5}.Debug|Any CPU.ActiveCfg = Debug|Any CPU
		{04ABC8C1-7377-44D5-81AC-8AD224263BE5}.Debug|Any CPU.Build.0 = Debug|Any CPU
		{04ABC8C1-7377-44D5-81AC-8AD224263BE5}.Release|Any CPU.ActiveCfg = Release|Any CPU
		{04ABC8C1-7377-44D5-81AC-8AD224263BE5}.Release|Any CPU.Build.0 = Release|Any CPU
		{92A89266-A21A-48A8-B1AB-AE920EE6881C}.Debug|Any CPU.ActiveCfg = Debug|Any CPU
		{92A89266-A21A-48A8-B1AB-AE920EE6881C}.Debug|Any CPU.Build.0 = Debug|Any CPU
		{92A89266-A21A-48A8-B1AB-AE920EE6881C}.Release|Any CPU.ActiveCfg = Release|Any CPU
		{92A89266-A21A-48A8-B1AB-AE920EE6881C}.Release|Any CPU.Build.0 = Release|Any CPU
		{05DF2373-3771-4A12-89DD-9F40A5719462}.Debug|Any CPU.ActiveCfg = Debug|Any CPU
		{05DF2373-3771-4A12-89DD-9F40A5719462}.Debug|Any CPU.Build.0 = Debug|Any CPU
		{05DF2373-3771-4A12-89DD-9F40A5719462}.Release|Any CPU.ActiveCfg = Release|Any CPU
		{05DF2373-3771-4A12-89DD-9F40A5719462}.Release|Any CPU.Build.0 = Release|Any CPU
		{BFFEC530-14B8-4EF8-A886-E99195A884E2}.Debug|Any CPU.ActiveCfg = Debug|Any CPU
		{BFFEC530-14B8-4EF8-A886-E99195A884E2}.Debug|Any CPU.Build.0 = Debug|Any CPU
		{BFFEC530-14B8-4EF8-A886-E99195A884E2}.Release|Any CPU.ActiveCfg = Release|Any CPU
		{BFFEC530-14B8-4EF8-A886-E99195A884E2}.Release|Any CPU.Build.0 = Release|Any CPU
		{DC8038A3-3FB1-48F4-8EBA-E1711C629026}.Debug|Any CPU.ActiveCfg = Debug|Any CPU
		{DC8038A3-3FB1-48F4-8EBA-E1711C629026}.Debug|Any CPU.Build.0 = Debug|Any CPU
		{DC8038A3-3FB1-48F4-8EBA-E1711C629026}.Release|Any CPU.ActiveCfg = Release|Any CPU
		{DC8038A3-3FB1-48F4-8EBA-E1711C629026}.Release|Any CPU.Build.0 = Release|Any CPU
		{6891AB9A-9B04-41B7-A30A-73B8EC966321}.Debug|Any CPU.ActiveCfg = Debug|Any CPU
		{6891AB9A-9B04-41B7-A30A-73B8EC966321}.Debug|Any CPU.Build.0 = Debug|Any CPU
		{6891AB9A-9B04-41B7-A30A-73B8EC966321}.Release|Any CPU.ActiveCfg = Release|Any CPU
		{6891AB9A-9B04-41B7-A30A-73B8EC966321}.Release|Any CPU.Build.0 = Release|Any CPU
	EndGlobalSection
	GlobalSection(SolutionProperties) = preSolution
		HideSolutionNode = FALSE
	EndGlobalSection
	GlobalSection(NestedProjects) = preSolution
		{E4EB7FBF-7B0E-4E95-BAA7-5765EDAD2CC4} = {80D950A1-AF54-4D9E-916C-4271CF0F9FA9}
		{641FAB1D-7D43-4A28-B13D-13B90CBFC357} = {81B9663E-17B9-4985-B62F-6D170E04146C}
		{04ABC8C1-7377-44D5-81AC-8AD224263BE5} = {81B9663E-17B9-4985-B62F-6D170E04146C}
		{92A89266-A21A-48A8-B1AB-AE920EE6881C} = {F6452283-4F86-4AC0-8860-A47C9DED6682}
		{05DF2373-3771-4A12-89DD-9F40A5719462} = {F6452283-4F86-4AC0-8860-A47C9DED6682}
		{BFFEC530-14B8-4EF8-A886-E99195A884E2} = {20758D08-2BC3-4D7E-8547-6AEA859B80DD}
		{DC8038A3-3FB1-48F4-8EBA-E1711C629026} = {797181D4-7CD1-464E-9F43-E0984348B9F0}
		{6891AB9A-9B04-41B7-A30A-73B8EC966321} = {797181D4-7CD1-464E-9F43-E0984348B9F0}
	EndGlobalSection
	GlobalSection(ExtensibilityGlobals) = postSolution
		SolutionGuid = {BDE4FB53-CCF9-494D-9597-05412E4EE686}
	EndGlobalSection
EndGlobal
